<?xml version="1.0" encoding="utf-8"?>
<Project ToolsVersion="4.0" xmlns="http://schemas.microsoft.com/developer/msbuild/2003">
  <ItemGroup>
    <Filter Include="Source Files">
      <UniqueIdentifier>{4FC737F1-C7A5-4376-A066-2A32D752A2FF}</UniqueIdentifier>
      <Extensions>cpp;c;cc;cxx;def;odl;idl;hpj;bat;asm;asmx</Extensions>
    </Filter>
    <Filter Include="Header Files">
      <UniqueIdentifier>{93995380-89BD-4b04-88EB-625FBE52EBFB}</UniqueIdentifier>
      <Extensions>h;hh;hpp;hxx;hm;inl;inc;xsd</Extensions>
    </Filter>
    <Filter Include="Resource Files">
      <UniqueIdentifier>{67DA6AB6-F800-4c08-8B7A-83BB121AAD01}</UniqueIdentifier>
      <Extensions>rc;ico;cur;bmp;dlg;rc2;rct;bin;rgs;gif;jpg;jpeg;jpe;resx;tiff;tif;png;wav;mfcribbon-ms</Extensions>
    </Filter>
  </ItemGroup>
  <ItemGroup>
    <ClCompile Include="src\class.cpp">
      <Filter>Source Files</Filter>
    </ClCompile>
    <ClCompile Include="src\environment.cpp">
      <Filter>Source Files</Filter>
    </ClCompile>
    <ClCompile Include="src\object.cpp">
      <Filter>Source Files</Filter>
    </ClCompile>
    <ClCompile Include="src\types.cpp">
      <Filter>Source Files</Filter>
    </ClCompile>
    <ClCompile Include="src\value.cpp">
      <Filter>Source Files</Filter>
    </ClCompile>
    <ClCompile Include="src\init.cpp">
      <Filter>Source Files</Filter>
    </ClCompile>
    <ClCompile Include="src\errors.cpp">
      <Filter>Source Files</Filter>
    </ClCompile>
    <ClCompile Include="src\vm.cpp">
      <Filter>Source Files</Filter>
    </ClCompile>
    <ClCompile Include="src\string.cpp">
      <Filter>Source Files</Filter>
    </ClCompile>
    <ClCompile Include="src\internal\ref_converter.cpp">
      <Filter>Source Files</Filter>
    </ClCompile>
    <ClCompile Include="src\classloader.cpp">
      <Filter>Source Files</Filter>
    </ClCompile>
    <ClCompile Include="src\throwable.cpp">
      <Filter>Source Files</Filter>
    </ClCompile>
    <ClCompile Include="src\throw_if_exception.cpp">
      <Filter>Source Files</Filter>
    </ClCompile>
    <ClCompile Include="src\object_ref_array.cpp">
      <Filter>Source Files</Filter>
    </ClCompile>
    <ClCompile Include="src\wstring.cpp">
      <Filter>Source Files</Filter>
    </ClCompile>
    <ClCompile Include="src\array.cpp">
      <Filter>Source Files</Filter>
    </ClCompile>
  </ItemGroup>
  <ItemGroup>
    <ClInclude Include="include\jni\java\lang\class.hpp">
      <Filter>Header Files</Filter>
    </ClInclude>
    <ClInclude Include="include\jni\java\lang\object.hpp">
      <Filter>Header Files</Filter>
    </ClInclude>
    <ClInclude Include="include\jni\environment.hpp">
      <Filter>Header Files</Filter>
    </ClInclude>
    <ClInclude Include="include\jni\ref.hpp">
      <Filter>Header Files</Filter>
    </ClInclude>
    <ClInclude Include="include\jni\array.hpp">
      <Filter>Header Files</Filter>
    </ClInclude>
    <ClInclude Include="include\jni\raw\types.hpp">
      <Filter>Header Files</Filter>
    </ClInclude>
    <ClInclude Include="include\jni\raw\method.hpp">
      <Filter>Header Files</Filter>
    </ClInclude>
    <ClInclude Include="include\jni\raw\value.hpp">
      <Filter>Header Files</Filter>
    </ClInclude>
    <ClInclude Include="include\jni\raw\signature.hpp">
      <Filter>Header Files</Filter>
    </ClInclude>
    <ClInclude Include="include\jni\init.hpp">
      <Filter>Header Files</Filter>
    </ClInclude>
    <ClInclude Include="include\jni\api_version.hpp">
      <Filter>Header Files</Filter>
    </ClInclude>
    <ClInclude Include="include\jni\vm.hpp">
      <Filter>Header Files</Filter>
    </ClInclude>
    <ClInclude Include="include\jni\string.hpp">
      <Filter>Header Files</Filter>
    </ClInclude>
    <ClInclude Include="include\jni\errors.hpp">
      <Filter>Header Files</Filter>
    </ClInclude>
    <ClInclude Include="include\jni\raw\field.hpp">
      <Filter>Header Files</Filter>
    </ClInclude>
    <ClInclude Include="include\jni\config.hpp">
      <Filter>Header Files</Filter>
    </ClInclude>
    <ClInclude Include="src\internal\ref_converter.hpp">
      <Filter>Header Files</Filter>
    </ClInclude>
    <ClInclude Include="include\jni\java\lang\classloader.hpp">
      <Filter>Header Files</Filter>
    </ClInclude>
    <ClInclude Include="include\jni\detail\remove_ref.hpp">
      <Filter>Header Files</Filter>
    </ClInclude>
    <ClInclude Include="include\jni\detail\add_local_ref.hpp">
      <Filter>Header Files</Filter>
    </ClInclude>
    <ClInclude Include="include\jni\java\lang\throwable.hpp">
      <Filter>Header Files</Filter>
    </ClInclude>
    <ClInclude Include="include\jni\detail\throw_if_exception.hpp">
      <Filter>Header Files</Filter>
    </ClInclude>
    <ClInclude Include="include\jni\raw\object_ref_array.hpp">
      <Filter>Header Files</Filter>
    </ClInclude>
    <ClInclude Include="include\jni\jni.hpp">
      <Filter>Header Files</Filter>
    </ClInclude>
    <ClInclude Include="include\jni\raw\extract_reference.hpp">
      <Filter>Header Files</Filter>
    </ClInclude>
    <ClInclude Include="include\jni\wstring.hpp">
      <Filter>Header Files</Filter>
    </ClInclude>
  </ItemGroup>
  <ItemGroup>
    <None Include="include\jni\impl\ref.ipp" />
    <None Include="include\jni\impl\raw\signature.ipp" />
    <None Include="include\jni\impl\init.ipp" />
    <None Include="include\jni\impl\raw\method.ipp" />
    <None Include="include\jni\impl\raw\field.ipp" />
  </ItemGroup>
</Project>